{
  "version": "5",
  "specifiers": {
    "npm:happy-dom@^16.8.1": "16.8.1"
  },
  "npm": {
    "happy-dom@16.8.1": {
      "integrity": "sha512-n0QrmT9lD81rbpKsyhnlz3DgnMZlaOkJPpgi746doA+HvaMC79bdWkwjrNnGJRvDrWTI8iOcJiVTJ5CdT/AZRw==",
      "dependencies": [
        "webidl-conversions",
        "whatwg-mimetype"
      ]
    },
    "webidl-conversions@7.0.0": {
      "integrity": "sha512-VwddBukDzu71offAQR975unBIGqfKZpM+8ZX6ySk8nYhVoo5CYaZyzt3YBvYtRtO+aoGlqxPg/B87NGVZ/fu6g=="
    },
    "whatwg-mimetype@3.0.0": {
      "integrity": "sha512-nt+N2dzIutVRxARx1nghPKGv1xHikU7HKdfafKkLNLindmPU/ch3U31NOCGGA/dmPcmb1VlofO0vnKAcsm0o/Q=="
    }
  },
  "workspace": {
    "dependencies": [
      "npm:happy-dom@^16.8.1"
    ]
  }
}
